// !$*UTF8*$!
{
	archiveVersion = 1;
	classes = {
	};
	objectVersion = 77;
	objects = {

/* Begin PBXBuildFile section */
		7A892B6E2DDEAE490040C29D /* DevelopmentTeam.xcconfig in Resources */ = {isa = PBXBuildFile; fileRef = 7A892B6D2DDEAE490040C29D /* DevelopmentTeam.xcconfig */; };
		7A892B752DDEB7920040C29D /* iMedia.framework in Frameworks */ = {isa = PBXBuildFile; fileRef = 7A892B742DDEB7920040C29D /* iMedia.framework */; };
/* End PBXBuildFile section */

/* Begin PBXContainerItemProxy section */
		7A892AD72DDEA87E0040C29D /* PBXContainerItemProxy */ = {
			isa = PBXContainerItemProxy;
			containerPortal = 7A892ABD2DDEA87C0040C29D /* Project object */;
			proxyType = 1;
			remoteGlobalIDString = 7A892AC42DDEA87C0040C29D;
			remoteInfo = iMediaPhotosAppDemo;
		};
		7A892AE12DDEA87E0040C29D /* PBXContainerItemProxy */ = {
			isa = PBXContainerItemProxy;
			containerPortal = 7A892ABD2DDEA87C0040C29D /* Project object */;
			proxyType = 1;
			remoteGlobalIDString = 7A892AC42DDEA87C0040C29D;
			remoteInfo = iMediaPhotosAppDemo;
		};
/* End PBXContainerItemProxy section */

/* Begin PBXFileReference section */
		7A892AC52DDEA87C0040C29D /* iMediaPhotosAppDemo.app */ = {isa = PBXFileReference; explicitFileType = wrapper.application; includeInIndex = 0; path = iMediaPhotosAppDemo.app; sourceTree = BUILT_PRODUCTS_DIR; };
		7A892AD62DDEA87E0040C29D /* iMediaPhotosAppDemoTests.xctest */ = {isa = PBXFileReference; explicitFileType = wrapper.cfbundle; includeInIndex = 0; path = iMediaPhotosAppDemoTests.xctest; sourceTree = BUILT_PRODUCTS_DIR; };
		7A892AE02DDEA87E0040C29D /* iMediaPhotosAppDemoUITests.xctest */ = {isa = PBXFileReference; explicitFileType = wrapper.cfbundle; includeInIndex = 0; path = iMediaPhotosAppDemoUITests.xctest; sourceTree = BUILT_PRODUCTS_DIR; };
		7A892B6A2DDEADA10040C29D /* iMedia.framework */ = {isa = PBXFileReference; explicitFileType = wrapper.framework; path = iMedia.framework; sourceTree = BUILT_PRODUCTS_DIR; };
		7A892B6D2DDEAE490040C29D /* DevelopmentTeam.xcconfig */ = {isa = PBXFileReference; lastKnownFileType = text.xcconfig; path = DevelopmentTeam.xcconfig; sourceTree = "<group>"; };
		7A892B742DDEB7920040C29D /* iMedia.framework */ = {isa = PBXFileReference; explicitFileType = wrapper.framework; path = iMedia.framework; sourceTree = BUILT_PRODUCTS_DIR; };
/* End PBXFileReference section */

/* Begin PBXFileSystemSynchronizedRootGroup section */
		7A892AC72DDEA87C0040C29D /* iMediaPhotosAppDemo */ = {
			isa = PBXFileSystemSynchronizedRootGroup;
			path = iMediaPhotosAppDemo;
			sourceTree = "<group>";
		};
		7A892AD92DDEA87E0040C29D /* iMediaPhotosAppDemoTests */ = {
			isa = PBXFileSystemSynchronizedRootGroup;
			path = iMediaPhotosAppDemoTests;
			sourceTree = "<group>";
		};
		7A892AE32DDEA87E0040C29D /* iMediaPhotosAppDemoUITests */ = {
			isa = PBXFileSystemSynchronizedRootGroup;
			path = iMediaPhotosAppDemoUITests;
			sourceTree = "<group>";
		};
/* End PBXFileSystemSynchronizedRootGroup section */

/* Begin PBXFrameworksBuildPhase section */
		7A892AC22DDEA87C0040C29D /* Frameworks */ = {
			isa = PBXFrameworksBuildPhase;
			buildActionMask = 2147483647;
			files = (
				7A892B752DDEB7920040C29D /* iMedia.framework in Frameworks */,
			);
			runOnlyForDeploymentPostprocessing = 0;
		};
		7A892AD32DDEA87E0040C29D /* Frameworks */ = {
			isa = PBXFrameworksBuildPhase;
			buildActionMask = 2147483647;
			files = (
			);
			runOnlyForDeploymentPostprocessing = 0;
		};
		7A892ADD2DDEA87E0040C29D /* Frameworks */ = {
			isa = PBXFrameworksBuildPhase;
			buildActionMask = 2147483647;
			files = (
			);
			runOnlyForDeploymentPostprocessing = 0;
		};
/* End PBXFrameworksBuildPhase section */

/* Begin PBXGroup section */
		7A892ABC2DDEA87C0040C29D = {
			isa = PBXGroup;
			children = (
				7A892B6D2DDEAE490040C29D /* DevelopmentTeam.xcconfig */,
				7A892AC72DDEA87C0040C29D /* iMediaPhotosAppDemo */,
				7A892AD92DDEA87E0040C29D /* iMediaPhotosAppDemoTests */,
				7A892AE32DDEA87E0040C29D /* iMediaPhotosAppDemoUITests */,
				7A892B692DDEADA10040C29D /* Frameworks */,
				7A892AC62DDEA87C0040C29D /* Products */,
			);
			sourceTree = "<group>";
		};
		7A892AC62DDEA87C0040C29D /* Products */ = {
			isa = PBXGroup;
			children = (
				7A892AC52DDEA87C0040C29D /* iMediaPhotosAppDemo.app */,
				7A892AD62DDEA87E0040C29D /* iMediaPhotosAppDemoTests.xctest */,
				7A892AE02DDEA87E0040C29D /* iMediaPhotosAppDemoUITests.xctest */,
			);
			name = Products;
			sourceTree = "<group>";
		};
		7A892B692DDEADA10040C29D /* Frameworks */ = {
			isa = PBXGroup;
			children = (
				7A892B742DDEB7920040C29D /* iMedia.framework */,
				7A892B6A2DDEADA10040C29D /* iMedia.framework */,
			);
			name = Frameworks;
			sourceTree = "<group>";
		};
/* End PBXGroup section */

/* Begin PBXNativeTarget section */
		7A892AC42DDEA87C0040C29D /* iMediaPhotosAppDemo */ = {
			isa = PBXNativeTarget;
			buildConfigurationList = 7A892AEA2DDEA87E0040C29D /* Build configuration list for PBXNativeTarget "iMediaPhotosAppDemo" */;
			buildPhases = (
				7A892AC12DDEA87C0040C29D /* Sources */,
				7A892AC22DDEA87C0040C29D /* Frameworks */,
				7A892AC32DDEA87C0040C29D /* Resources */,
			);
			buildRules = (
			);
			dependencies = (
			);
			fileSystemSynchronizedGroups = (
				7A892AC72DDEA87C0040C29D /* iMediaPhotosAppDemo */,
			);
			name = iMediaPhotosAppDemo;
			packageProductDependencies = (
			);
			productName = iMediaPhotosAppDemo;
			productReference = 7A892AC52DDEA87C0040C29D /* iMediaPhotosAppDemo.app */;
			productType = "com.apple.product-type.application";
		};
		7A892AD52DDEA87E0040C29D /* iMediaPhotosAppDemoTests */ = {
			isa = PBXNativeTarget;
			buildConfigurationList = 7A892AED2DDEA87E0040C29D /* Build configuration list for PBXNativeTarget "iMediaPhotosAppDemoTests" */;
			buildPhases = (
				7A892AD22DDEA87E0040C29D /* Sources */,
				7A892AD32DDEA87E0040C29D /* Frameworks */,
				7A892AD42DDEA87E0040C29D /* Resources */,
			);
			buildRules = (
			);
			dependencies = (
				7A892AD82DDEA87E0040C29D /* PBXTargetDependency */,
			);
			fileSystemSynchronizedGroups = (
				7A892AD92DDEA87E0040C29D /* iMediaPhotosAppDemoTests */,
			);
			name = iMediaPhotosAppDemoTests;
			packageProductDependencies = (
			);
			productName = iMediaPhotosAppDemoTests;
			productReference = 7A892AD62DDEA87E0040C29D /* iMediaPhotosAppDemoTests.xctest */;
			productType = "com.apple.product-type.bundle.unit-test";
		};
		7A892ADF2DDEA87E0040C29D /* iMediaPhotosAppDemoUITests */ = {
			isa = PBXNativeTarget;
			buildConfigurationList = 7A892AF02DDEA87E0040C29D /* Build configuration list for PBXNativeTarget "iMediaPhotosAppDemoUITests" */;
			buildPhases = (
				7A892ADC2DDEA87E0040C29D /* Sources */,
				7A892ADD2DDEA87E0040C29D /* Frameworks */,
				7A892ADE2DDEA87E0040C29D /* Resources */,
			);
			buildRules = (
			);
			dependencies = (
				7A892AE22DDEA87E0040C29D /* PBXTargetDependency */,
			);
			fileSystemSynchronizedGroups = (
				7A892AE32DDEA87E0040C29D /* iMediaPhotosAppDemoUITests */,
			);
			name = iMediaPhotosAppDemoUITests;
			packageProductDependencies = (
			);
			productName = iMediaPhotosAppDemoUITests;
			productReference = 7A892AE02DDEA87E0040C29D /* iMediaPhotosAppDemoUITests.xctest */;
			productType = "com.apple.product-type.bundle.ui-testing";
		};
/* End PBXNativeTarget section */

/* Begin PBXProject section */
		7A892ABD2DDEA87C0040C29D /* Project object */ = {
			isa = PBXProject;
			attributes = {
				BuildIndependentTargetsInParallel = 1;
				LastSwiftUpdateCheck = 1630;
				LastUpgradeCheck = 1630;
				TargetAttributes = {
					7A892AC42DDEA87C0040C29D = {
						CreatedOnToolsVersion = 16.3;
					};
					7A892AD52DDEA87E0040C29D = {
						CreatedOnToolsVersion = 16.3;
						TestTargetID = 7A892AC42DDEA87C0040C29D;
					};
					7A892ADF2DDEA87E0040C29D = {
						CreatedOnToolsVersion = 16.3;
						TestTargetID = 7A892AC42DDEA87C0040C29D;
					};
				};
			};
			buildConfigurationList = 7A892AC02DDEA87C0040C29D /* Build configuration list for PBXProject "iMediaPhotosAppDemo" */;
			developmentRegion = en;
			hasScannedForEncodings = 0;
			knownRegions = (
				en,
				Base,
			);
			mainGroup = 7A892ABC2DDEA87C0040C29D;
			minimizedProjectReferenceProxies = 1;
			preferredProjectObjectVersion = 77;
			productRefGroup = 7A892AC62DDEA87C0040C29D /* Products */;
			projectDirPath = "";
			projectRoot = "";
			targets = (
				7A892AC42DDEA87C0040C29D /* iMediaPhotosAppDemo */,
				7A892AD52DDEA87E0040C29D /* iMediaPhotosAppDemoTests */,
				7A892ADF2DDEA87E0040C29D /* iMediaPhotosAppDemoUITests */,
			);
		};
/* End PBXProject section */

/* Begin PBXResourcesBuildPhase section */
		7A892AC32DDEA87C0040C29D /* Resources */ = {
			isa = PBXResourcesBuildPhase;
			buildActionMask = 2147483647;
			files = (
				7A892B6E2DDEAE490040C29D /* DevelopmentTeam.xcconfig in Resources */,
			);
			runOnlyForDeploymentPostprocessing = 0;
		};
		7A892AD42DDEA87E0040C29D /* Resources */ = {
			isa = PBXResourcesBuildPhase;
			buildActionMask = 2147483647;
			files = (
			);
			runOnlyForDeploymentPostprocessing = 0;
		};
		7A892ADE2DDEA87E0040C29D /* Resources */ = {
			isa = PBXResourcesBuildPhase;
			buildActionMask = 2147483647;
			files = (
			);
			runOnlyForDeploymentPostprocessing = 0;
		};
/* End PBXResourcesBuildPhase section */

/* Begin PBXSourcesBuildPhase section */
		7A892AC12DDEA87C0040C29D /* Sources */ = {
			isa = PBXSourcesBuildPhase;
			buildActionMask = 2147483647;
			files = (
			);
			runOnlyForDeploymentPostprocessing = 0;
		};
		7A892AD22DDEA87E0040C29D /* Sources */ = {
			isa = PBXSourcesBuildPhase;
			buildActionMask = 2147483647;
			files = (
			);
			runOnlyForDeploymentPostprocessing = 0;
		};
		7A892ADC2DDEA87E0040C29D /* Sources */ = {
			isa = PBXSourcesBuildPhase;
			buildActionMask = 2147483647;
			files = (
			);
			runOnlyForDeploymentPostprocessing = 0;
		};
/* End PBXSourcesBuildPhase section */

/* Begin PBXTargetDependency section */
		7A892AD82DDEA87E0040C29D /* PBXTargetDependency */ = {
			isa = PBXTargetDependency;
			target = 7A892AC42DDEA87C0040C29D /* iMediaPhotosAppDemo */;
			targetProxy = 7A892AD72DDEA87E0040C29D /* PBXContainerItemProxy */;
		};
		7A892AE22DDEA87E0040C29D /* PBXTargetDependency */ = {
			isa = PBXTargetDependency;
			target = 7A892AC42DDEA87C0040C29D /* iMediaPhotosAppDemo */;
			targetProxy = 7A892AE12DDEA87E0040C29D /* PBXContainerItemProxy */;
		};
/* End PBXTargetDependency section */

/* Begin XCBuildConfiguration section */
		7A892AE82DDEA87E0040C29D /* Debug */ = {
			isa = XCBuildConfiguration;
			buildSettings = {
				ALWAYS_SEARCH_USER_PATHS = NO;
				ASSETCATALOG_COMPILER_GENERATE_SWIFT_ASSET_SYMBOL_EXTENSIONS = YES;
				CLANG_ANALYZER_NONNULL = YES;
				CLANG_ANALYZER_NUMBER_OBJECT_CONVERSION = YES_AGGRESSIVE;
				CLANG_CXX_LANGUAGE_STANDARD = "gnu++20";
				CLANG_ENABLE_MODULES = YES;
				CLANG_ENABLE_OBJC_ARC = YES;
				CLANG_ENABLE_OBJC_WEAK = YES;
				CLANG_WARN_BLOCK_CAPTURE_AUTORELEASING = YES;
				CLANG_WARN_BOOL_CONVERSION = YES;
				CLANG_WARN_COMMA = YES;
				CLANG_WARN_CONSTANT_CONVERSION = YES;
				CLANG_WARN_DEPRECATED_OBJC_IMPLEMENTATIONS = YES;
				CLANG_WARN_DIRECT_OBJC_ISA_USAGE = YES_ERROR;
				CLANG_WARN_DOCUMENTATION_COMMENTS = YES;
				CLANG_WARN_EMPTY_BODY = YES;
				CLANG_WARN_ENUM_CONVERSION = YES;
				CLANG_WARN_INFINITE_RECURSION = YES;
				CLANG_WARN_INT_CONVERSION = YES;
				CLANG_WARN_NON_LITERAL_NULL_CONVERSION = YES;
				CLANG_WARN_OBJC_IMPLICIT_RETAIN_SELF = YES;
				CLANG_WARN_OBJC_LITERAL_CONVERSION = YES;
				CLANG_WARN_OBJC_ROOT_CLASS = YES_ERROR;
				CLANG_WARN_QUOTED_INCLUDE_IN_FRAMEWORK_HEADER = YES;
				CLANG_WARN_RANGE_LOOP_ANALYSIS = YES;
				CLANG_WARN_STRICT_PROTOTYPES = YES;
				CLANG_WARN_SUSPICIOUS_MOVE = YES;
				CLANG_WARN_UNGUARDED_AVAILABILITY = YES_AGGRESSIVE;
				CLANG_WARN_UNREACHABLE_CODE = YES;
				CLANG_WARN__DUPLICATE_METHOD_MATCH = YES;
				COPY_PHASE_STRIP = NO;
				DEBUG_INFORMATION_FORMAT = dwarf;
				DEVELOPMENT_TEAM = HD97657Q5X;
				ENABLE_STRICT_OBJC_MSGSEND = YES;
				ENABLE_TESTABILITY = YES;
				ENABLE_USER_SCRIPT_SANDBOXING = YES;
				GCC_C_LANGUAGE_STANDARD = gnu17;
				GCC_DYNAMIC_NO_PIC = NO;
				GCC_NO_COMMON_BLOCKS = YES;
				GCC_OPTIMIZATION_LEVEL = 0;
				GCC_PREPROCESSOR_DEFINITIONS = (
					"DEBUG=1",
					"$(inherited)",
				);
				GCC_WARN_64_TO_32_BIT_CONVERSION = YES;
				GCC_WARN_ABOUT_RETURN_TYPE = YES_ERROR;
				GCC_WARN_UNDECLARED_SELECTOR = YES;
				GCC_WARN_UNINITIALIZED_AUTOS = YES_AGGRESSIVE;
				GCC_WARN_UNUSED_FUNCTION = YES;
				GCC_WARN_UNUSED_VARIABLE = YES;
				LOCALIZATION_PREFERS_STRING_CATALOGS = YES;
				MACOSX_DEPLOYMENT_TARGET = 15.4;
				MTL_ENABLE_DEBUG_INFO = INCLUDE_SOURCE;
				MTL_FAST_MATH = YES;
				ONLY_ACTIVE_ARCH = YES;
				SDKROOT = macosx;
				SWIFT_ACTIVE_COMPILATION_CONDITIONS = "DEBUG $(inherited)";
				SWIFT_OPTIMIZATION_LEVEL = "-Onone";
			};
			name = Debug;
		};
		7A892AE92DDEA87E0040C29D /* Release */ = {
			isa = XCBuildConfiguration;
			buildSettings = {
				ALWAYS_SEARCH_USER_PATHS = NO;
				ASSETCATALOG_COMPILER_GENERATE_SWIFT_ASSET_SYMBOL_EXTENSIONS = YES;
				CLANG_ANALYZER_NONNULL = YES;
				CLANG_ANALYZER_NUMBER_OBJECT_CONVERSION = YES_AGGRESSIVE;
				CLANG_CXX_LANGUAGE_STANDARD = "gnu++20";
				CLANG_ENABLE_MODULES = YES;
				CLANG_ENABLE_OBJC_ARC = YES;
				CLANG_ENABLE_OBJC_WEAK = YES;
				CLANG_WARN_BLOCK_CAPTURE_AUTORELEASING = YES;
				CLANG_WARN_BOOL_CONVERSION = YES;
				CLANG_WARN_COMMA = YES;
				CLANG_WARN_CONSTANT_CONVERSION = YES;
				CLANG_WARN_DEPRECATED_OBJC_IMPLEMENTATIONS = YES;
				CLANG_WARN_DIRECT_OBJC_ISA_USAGE = YES_ERROR;
				CLANG_WARN_DOCUMENTATION_COMMENTS = YES;
				CLANG_WARN_EMPTY_BODY = YES;
				CLANG_WARN_ENUM_CONVERSION = YES;
				CLANG_WARN_INFINITE_RECURSION = YES;
				CLANG_WARN_INT_CONVERSION = YES;
				CLANG_WARN_NON_LITERAL_NULL_CONVERSION = YES;
				CLANG_WARN_OBJC_IMPLICIT_RETAIN_SELF = YES;
				CLANG_WARN_OBJC_LITERAL_CONVERSION = YES;
				CLANG_WARN_OBJC_ROOT_CLASS = YES_ERROR;
				CLANG_WARN_QUOTED_INCLUDE_IN_FRAMEWORK_HEADER = YES;
				CLANG_WARN_RANGE_LOOP_ANALYSIS = YES;
				CLANG_WARN_STRICT_PROTOTYPES = YES;
				CLANG_WARN_SUSPICIOUS_MOVE = YES;
				CLANG_WARN_UNGUARDED_AVAILABILITY = YES_AGGRESSIVE;
				CLANG_WARN_UNREACHABLE_CODE = YES;
				CLANG_WARN__DUPLICATE_METHOD_MATCH = YES;
				COPY_PHASE_STRIP = NO;
				DEBUG_INFORMATION_FORMAT = "dwarf-with-dsym";
				DEVELOPMENT_TEAM = HD97657Q5X;
				ENABLE_NS_ASSERTIONS = NO;
				ENABLE_STRICT_OBJC_MSGSEND = YES;
				ENABLE_USER_SCRIPT_SANDBOXING = YES;
				GCC_C_LANGUAGE_STANDARD = gnu17;
				GCC_NO_COMMON_BLOCKS = YES;
				GCC_WARN_64_TO_32_BIT_CONVERSION = YES;
				GCC_WARN_ABOUT_RETURN_TYPE = YES_ERROR;
				GCC_WARN_UNDECLARED_SELECTOR = YES;
				GCC_WARN_UNINITIALIZED_AUTOS = YES_AGGRESSIVE;
				GCC_WARN_UNUSED_FUNCTION = YES;
				GCC_WARN_UNUSED_VARIABLE = YES;
				LOCALIZATION_PREFERS_STRING_CATALOGS = YES;
				MACOSX_DEPLOYMENT_TARGET = 15.4;
				MTL_ENABLE_DEBUG_INFO = NO;
				MTL_FAST_MATH = YES;
				SDKROOT = macosx;
				SWIFT_COMPILATION_MODE = wholemodule;
			};
			name = Release;
		};
		7A892AEB2DDEA87E0040C29D /* Debug */ = {
			isa = XCBuildConfiguration;
			buildSettings = {
				ASSETCATALOG_COMPILER_APPICON_NAME = AppIcon;
				ASSETCATALOG_COMPILER_GLOBAL_ACCENT_COLOR_NAME = AccentColor;
				CODE_SIGN_ENTITLEMENTS = iMediaPhotosAppDemo/iMediaPhotosAppDemo.entitlements;
				CODE_SIGN_STYLE = Automatic;
				COMBINE_HIDPI_IMAGES = YES;
				CURRENT_PROJECT_VERSION = 1;
				DEVELOPMENT_TEAM = HD97657Q5X;
				ENABLE_HARDENED_RUNTIME = YES;
				GENERATE_INFOPLIST_FILE = YES;
				INFOPLIST_KEY_NSHumanReadableCopyright = "";
				INFOPLIST_KEY_NSMainStoryboardFile = Main;
				INFOPLIST_KEY_NSPhotoLibraryUsageDescription = "このアプリは写真ライブラリにアクセスします";
				INFOPLIST_KEY_NSPrincipalClass = NSApplication;
				LD_RUNPATH_SEARCH_PATHS = (
					"$(inherited)",
					"@executable_path/../Frameworks",
				);
				MARKETING_VERSION = 1.0;
				PRODUCT_BUNDLE_IDENTIFIER = jp.ohnaka.iMediaPhotosAppDemo;
				PRODUCT_NAME = "$(TARGET_NAME)";
				REGISTER_APP_GROUPS = YES;
				SWIFT_EMIT_LOC_STRINGS = YES;
				SWIFT_VERSION = 5.0;
			};
			name = Debug;
		};
		7A892AEC2DDEA87E0040C29D /* Release */ = {
			isa = XCBuildConfiguration;
			buildSettings = {
				ASSETCATALOG_COMPILER_APPICON_NAME = AppIcon;
				ASSETCATALOG_COMPILER_GLOBAL_ACCENT_COLOR_NAME = AccentColor;
				CODE_SIGN_ENTITLEMENTS = iMediaPhotosAppDemo/iMediaPhotosAppDemo.entitlements;
				CODE_SIGN_STYLE = Automatic;
				COMBINE_HIDPI_IMAGES = YES;
				CURRENT_PROJECT_VERSION = 1;
				DEVELOPMENT_TEAM = HD97657Q5X;
				ENABLE_HARDENED_RUNTIME = YES;
				GENERATE_INFOPLIST_FILE = YES;
				INFOPLIST_KEY_NSHumanReadableCopyright = "";
				INFOPLIST_KEY_NSMainStoryboardFile = Main;
				INFOPLIST_KEY_NSPhotoLibraryUsageDescription = "このアプリは写真ライブラリにアクセスします";
				INFOPLIST_KEY_NSPrincipalClass = NSApplication;
				LD_RUNPATH_SEARCH_PATHS = (
					"$(inherited)",
					"@executable_path/../Frameworks",
				);
				MARKETING_VERSION = 1.0;
				PRODUCT_BUNDLE_IDENTIFIER = jp.ohnaka.iMediaPhotosAppDemo;
				PRODUCT_NAME = "$(TARGET_NAME)";
				REGISTER_APP_GROUPS = YES;
				SWIFT_EMIT_LOC_STRINGS = YES;
				SWIFT_VERSION = 5.0;
			};
			name = Release;
		};
		7A892AEE2DDEA87E0040C29D /* Debug */ = {
			isa = XCBuildConfiguration;
			buildSettings = {
				BUNDLE_LOADER = "$(TEST_HOST)";
				CODE_SIGN_STYLE = Automatic;
				CURRENT_PROJECT_VERSION = 1;
				DEVELOPMENT_TEAM = HD97657Q5X;
				GENERATE_INFOPLIST_FILE = YES;
				MACOSX_DEPLOYMENT_TARGET = 15.4;
				MARKETING_VERSION = 1.0;
				PRODUCT_BUNDLE_IDENTIFIER = jp.ohnaka.iMediaPhotosAppDemoTests;
				PRODUCT_NAME = "$(TARGET_NAME)";
				SWIFT_EMIT_LOC_STRINGS = NO;
				SWIFT_VERSION = 5.0;
				TEST_HOST = "$(BUILT_PRODUCTS_DIR)/iMediaPhotosAppDemo.app/$(BUNDLE_EXECUTABLE_FOLDER_PATH)/iMediaPhotosAppDemo";
			};
			name = Debug;
		};
		7A892AEF2DDEA87E0040C29D /* Release */ = {
			isa = XCBuildConfiguration;
			buildSettings = {
				BUNDLE_LOADER = "$(TEST_HOST)";
				CODE_SIGN_STYLE = Automatic;
				CURRENT_PROJECT_VERSION = 1;
				DEVELOPMENT_TEAM = HD97657Q5X;
				GENERATE_INFOPLIST_FILE = YES;
				MACOSX_DEPLOYMENT_TARGET = 15.4;
				MARKETING_VERSION = 1.0;
				PRODUCT_BUNDLE_IDENTIFIER = jp.ohnaka.iMediaPhotosAppDemoTests;
				PRODUCT_NAME = "$(TARGET_NAME)";
				SWIFT_EMIT_LOC_STRINGS = NO;
				SWIFT_VERSION = 5.0;
				TEST_HOST = "$(BUILT_PRODUCTS_DIR)/iMediaPhotosAppDemo.app/$(BUNDLE_EXECUTABLE_FOLDER_PATH)/iMediaPhotosAppDemo";
			};
			name = Release;
		};
		7A892AF12DDEA87E0040C29D /* Debug */ = {
			isa = XCBuildConfiguration;
			buildSettings = {
				CODE_SIGN_STYLE = Automatic;
				CURRENT_PROJECT_VERSION = 1;
				DEVELOPMENT_TEAM = HD97657Q5X;
				GENERATE_INFOPLIST_FILE = YES;
				MARKETING_VERSION = 1.0;
				PRODUCT_BUNDLE_IDENTIFIER = jp.ohnaka.iMediaPhotosAppDemoUITests;
				PRODUCT_NAME = "$(TARGET_NAME)";
				SWIFT_EMIT_LOC_STRINGS = NO;
				SWIFT_VERSION = 5.0;
				TEST_TARGET_NAME = iMediaPhotosAppDemo;
			};
			name = Debug;
		};
		7A892AF22DDEA87E0040C29D /* Release */ = {
			isa = XCBuildConfiguration;
			buildSettings = {
				CODE_SIGN_STYLE = Automatic;
				CURRENT_PROJECT_VERSION = 1;
				DEVELOPMENT_TEAM = HD97657Q5X;
				GENERATE_INFOPLIST_FILE = YES;
				MARKETING_VERSION = 1.0;
				PRODUCT_BUNDLE_IDENTIFIER = jp.ohnaka.iMediaPhotosAppDemoUITests;
				PRODUCT_NAME = "$(TARGET_NAME)";
				SWIFT_EMIT_LOC_STRINGS = NO;
				SWIFT_VERSION = 5.0;
				TEST_TARGET_NAME = iMediaPhotosAppDemo;
			};
			name = Release;
		};
/* End XCBuildConfiguration section */

/* Begin XCConfigurationList section */
		7A892AC02DDEA87C0040C29D /* Build configuration list for PBXProject "iMediaPhotosAppDemo" */ = {
			isa = XCConfigurationList;
			buildConfigurations = (
				7A892AE82DDEA87E0040C29D /* Debug */,
				7A892AE92DDEA87E0040C29D /* Release */,
			);
			defaultConfigurationIsVisible = 0;
			defaultConfigurationName = Release;
		};
		7A892AEA2DDEA87E0040C29D /* Build configuration list for PBXNativeTarget "iMediaPhotosAppDemo" */ = {
			isa = XCConfigurationList;
			buildConfigurations = (
				7A892AEB2DDEA87E0040C29D /* Debug */,
				7A892AEC2DDEA87E0040C29D /* Release */,
			);
			defaultConfigurationIsVisible = 0;
			defaultConfigurationName = Release;
		};
		7A892AED2DDEA87E0040C29D /* Build configuration list for PBXNativeTarget "iMediaPhotosAppDemoTests" */ = {
			isa = XCConfigurationList;
			buildConfigurations = (
				7A892AEE2DDEA87E0040C29D /* Debug */,
				7A892AEF2DDEA87E0040C29D /* Release */,
			);
			defaultConfigurationIsVisible = 0;
			defaultConfigurationName = Release;
		};
		7A892AF02DDEA87E0040C29D /* Build configuration list for PBXNativeTarget "iMediaPhotosAppDemoUITests" */ = {
			isa = XCConfigurationList;
			buildConfigurations = (
				7A892AF12DDEA87E0040C29D /* Debug */,
				7A892AF22DDEA87E0040C29D /* Release */,
			);
			defaultConfigurationIsVisible = 0;
			defaultConfigurationName = Release;
		};
/* End XCConfigurationList section */
	};
	rootObject = 7A892ABD2DDEA87C0040C29D /* Project object */;
}
